// !$*UTF8*$!
{
	archiveVersion = 1;
	classes = {
	};
	objectVersion = 46;
	objects = {

/* Begin PBXBuildFile section */
		847D45931DCAE17D00BE00DA /* main.m in Sources */ = {isa = PBXBuildFile; fileRef = 847D45921DCAE17D00BE00DA /* main.m */; };
		847D45961DCAE17D00BE00DA /* AppDelegate.m in Sources */ = {isa = PBXBuildFile; fileRef = 847D45951DCAE17D00BE00DA /* AppDelegate.m */; };
		847D45991DCAE17D00BE00DA /* ViewController.m in Sources */ = {isa = PBXBuildFile; fileRef = 847D45981DCAE17D00BE00DA /* ViewController.m */; };
		847D459E1DCAE17D00BE00DA /* Assets.xcassets in Resources */ = {isa = PBXBuildFile; fileRef = 847D459D1DCAE17D00BE00DA /* Assets.xcassets */; };
		847D45A11DCAE17D00BE00DA /* LaunchScreen.storyboard in Resources */ = {isa = PBXBuildFile; fileRef = 847D459F1DCAE17D00BE00DA /* LaunchScreen.storyboard */; };
		847D45AC1DCAE17E00BE00DA /* PostTests.m in Sources */ = {isa = PBXBuildFile; fileRef = 847D45AB1DCAE17E00BE00DA /* PostTests.m */; };
		847D45BD1DCB116400BE00DA /* MyStoryboard.storyboard in Resources */ = {isa = PBXBuildFile; fileRef = 847D45BC1DCB116400BE00DA /* MyStoryboard.storyboard */; };
		847D45BF1DCB117300BE00DA /* MessageStoryboard.storyboard in Resources */ = {isa = PBXBuildFile; fileRef = 847D45BE1DCB117300BE00DA /* MessageStoryboard.storyboard */; };
		847D45C11DCB118B00BE00DA /* FriendsStoryboard.storyboard in Resources */ = {isa = PBXBuildFile; fileRef = 847D45C01DCB118B00BE00DA /* FriendsStoryboard.storyboard */; };
		847D45C31DCB119800BE00DA /* DynamicStoryboard.storyboard in Resources */ = {isa = PBXBuildFile; fileRef = 847D45C21DCB119800BE00DA /* DynamicStoryboard.storyboard */; };
		847D45C61DCB11EC00BE00DA /* DynamicViewController.m in Sources */ = {isa = PBXBuildFile; fileRef = 847D45C51DCB11EC00BE00DA /* DynamicViewController.m */; };
		847D45C91DCB127400BE00DA /* FriendsViewController.m in Sources */ = {isa = PBXBuildFile; fileRef = 847D45C81DCB127400BE00DA /* FriendsViewController.m */; };
		847D45CC1DCB12A000BE00DA /* MessageViewController.m in Sources */ = {isa = PBXBuildFile; fileRef = 847D45CB1DCB12A000BE00DA /* MessageViewController.m */; };
		847D45CF1DCB12D800BE00DA /* MyViewController.m in Sources */ = {isa = PBXBuildFile; fileRef = 847D45CE1DCB12D800BE00DA /* MyViewController.m */; };
		847D45D21DCB131500BE00DA /* MainViewController.m in Sources */ = {isa = PBXBuildFile; fileRef = 847D45D11DCB131500BE00DA /* MainViewController.m */; };
		847D45D41DCB136300BE00DA /* Main.storyboard in Resources */ = {isa = PBXBuildFile; fileRef = 847D45D31DCB136300BE00DA /* Main.storyboard */; };
		847D46ED1DCB3D1800BE00DA /* add.png in Resources */ = {isa = PBXBuildFile; fileRef = 847D46E71DCB3D1800BE00DA /* add.png */; };
		847D46EE1DCB3D1800BE00DA /* add@2x.png in Resources */ = {isa = PBXBuildFile; fileRef = 847D46E81DCB3D1800BE00DA /* add@2x.png */; };
		847D46EF1DCB3D1800BE00DA /* add@3x.png in Resources */ = {isa = PBXBuildFile; fileRef = 847D46E91DCB3D1800BE00DA /* add@3x.png */; };
		847D46F01DCB3D1800BE00DA /* search.png in Resources */ = {isa = PBXBuildFile; fileRef = 847D46EA1DCB3D1800BE00DA /* search.png */; };
		847D46F11DCB3D1800BE00DA /* search@2x.png in Resources */ = {isa = PBXBuildFile; fileRef = 847D46EB1DCB3D1800BE00DA /* search@2x.png */; };
		847D46F21DCB3D1800BE00DA /* search@3x.png in Resources */ = {isa = PBXBuildFile; fileRef = 847D46EC1DCB3D1800BE00DA /* search@3x.png */; };
		847D46FD1DCC34F200BE00DA /* TypeOneTableViewCell.m in Sources */ = {isa = PBXBuildFile; fileRef = 847D46FB1DCC34F100BE00DA /* TypeOneTableViewCell.m */; };
		847D46FE1DCC34F200BE00DA /* TypeOneTableViewCell.xib in Resources */ = {isa = PBXBuildFile; fileRef = 847D46FC1DCC34F100BE00DA /* TypeOneTableViewCell.xib */; };
		847D47021DCC390C00BE00DA /* more.png in Resources */ = {isa = PBXBuildFile; fileRef = 847D46FF1DCC390C00BE00DA /* more.png */; };
		847D47031DCC390C00BE00DA /* more@2x.png in Resources */ = {isa = PBXBuildFile; fileRef = 847D47001DCC390C00BE00DA /* more@2x.png */; };
		847D47041DCC390C00BE00DA /* more@3x.png in Resources */ = {isa = PBXBuildFile; fileRef = 847D47011DCC390C00BE00DA /* more@3x.png */; };
		847D47061DCC3A2A00BE00DA /* header.png in Resources */ = {isa = PBXBuildFile; fileRef = 847D47051DCC3A2A00BE00DA /* header.png */; };
		847D470A1DCC3B0100BE00DA /* voice@2x.png in Resources */ = {isa = PBXBuildFile; fileRef = 847D47071DCC3B0100BE00DA /* voice@2x.png */; };
		847D470B1DCC3B0100BE00DA /* voice@3x.png in Resources */ = {isa = PBXBuildFile; fileRef = 847D47081DCC3B0100BE00DA /* voice@3x.png */; };
		847D470C1DCC3B0100BE00DA /* voice.png in Resources */ = {isa = PBXBuildFile; fileRef = 847D47091DCC3B0100BE00DA /* voice.png */; };
		847D47101DCC3B6A00BE00DA /* info.png in Resources */ = {isa = PBXBuildFile; fileRef = 847D470D1DCC3B6A00BE00DA /* info.png */; };
		847D47111DCC3B6A00BE00DA /* info@2x.png in Resources */ = {isa = PBXBuildFile; fileRef = 847D470E1DCC3B6A00BE00DA /* info@2x.png */; };
		847D47121DCC3B6A00BE00DA /* info@3x.png in Resources */ = {isa = PBXBuildFile; fileRef = 847D470F1DCC3B6A00BE00DA /* info@3x.png */; };
		847D47151DCC3E1F00BE00DA /* PostsView.m in Sources */ = {isa = PBXBuildFile; fileRef = 847D47141DCC3E1F00BE00DA /* PostsView.m */; };
		847D47191DCC44C500BE00DA /* PostsModel.m in Sources */ = {isa = PBXBuildFile; fileRef = 847D47181DCC44C500BE00DA /* PostsModel.m */; };
		847D471D1DCC46B800BE00DA /* TypeTowTableViewCell.m in Sources */ = {isa = PBXBuildFile; fileRef = 847D471B1DCC46B800BE00DA /* TypeTowTableViewCell.m */; };
		847D471E1DCC46B800BE00DA /* TypeTowTableViewCell.xib in Resources */ = {isa = PBXBuildFile; fileRef = 847D471C1DCC46B800BE00DA /* TypeTowTableViewCell.xib */; };
		847D47221DCC46CD00BE00DA /* TypeThreeTableViewCell.m in Sources */ = {isa = PBXBuildFile; fileRef = 847D47201DCC46CD00BE00DA /* TypeThreeTableViewCell.m */; };
		847D47231DCC46CD00BE00DA /* TypeThreeTableViewCell.xib in Resources */ = {isa = PBXBuildFile; fileRef = 847D47211DCC46CD00BE00DA /* TypeThreeTableViewCell.xib */; };
		847D472D1DCC726C00BE00DA /* addFriends.png in Resources */ = {isa = PBXBuildFile; fileRef = 847D47271DCC726C00BE00DA /* addFriends.png */; };
		847D472E1DCC726C00BE00DA /* addFriends@2x.png in Resources */ = {isa = PBXBuildFile; fileRef = 847D47281DCC726C00BE00DA /* addFriends@2x.png */; };
		847D472F1DCC726C00BE00DA /* addFriends@3x.png in Resources */ = {isa = PBXBuildFile; fileRef = 847D47291DCC726C00BE00DA /* addFriends@3x.png */; };
		847D47301DCC726C00BE00DA /* addFriendsUnSelect.png in Resources */ = {isa = PBXBuildFile; fileRef = 847D472A1DCC726C00BE00DA /* addFriendsUnSelect.png */; };
		847D47311DCC726C00BE00DA /* addFriendsUnSelect@2x.png in Resources */ = {isa = PBXBuildFile; fileRef = 847D472B1DCC726C00BE00DA /* addFriendsUnSelect@2x.png */; };
		847D47321DCC726C00BE00DA /* addFriendsUnSelect@3x.png in Resources */ = {isa = PBXBuildFile; fileRef = 847D472C1DCC726C00BE00DA /* addFriendsUnSelect@3x.png */; };
		847D47391DCC773700BE00DA /* ThumbsUp.png in Resources */ = {isa = PBXBuildFile; fileRef = 847D47331DCC773700BE00DA /* ThumbsUp.png */; };
		847D473A1DCC773700BE00DA /* ThumbsUp@2x.png in Resources */ = {isa = PBXBuildFile; fileRef = 847D47341DCC773700BE00DA /* ThumbsUp@2x.png */; };
		847D473B1DCC773700BE00DA /* ThumbsUp@3x.png in Resources */ = {isa = PBXBuildFile; fileRef = 847D47351DCC773700BE00DA /* ThumbsUp@3x.png */; };
		847D473C1DCC773700BE00DA /* ThumbsUpUN.png in Resources */ = {isa = PBXBuildFile; fileRef = 847D47361DCC773700BE00DA /* ThumbsUpUN.png */; };
		847D473D1DCC773700BE00DA /* ThumbsUpUN@2x.png in Resources */ = {isa = PBXBuildFile; fileRef = 847D47371DCC773700BE00DA /* ThumbsUpUN@2x.png */; };
		847D473E1DCC773700BE00DA /* ThumbsUpUN@3x.png in Resources */ = {isa = PBXBuildFile; fileRef = 847D47381DCC773700BE00DA /* ThumbsUpUN@3x.png */; };
		847D47451DCC77C600BE00DA /* shear.png in Resources */ = {isa = PBXBuildFile; fileRef = 847D473F1DCC77C600BE00DA /* shear.png */; };
		847D47461DCC77C600BE00DA /* shear@2x.png in Resources */ = {isa = PBXBuildFile; fileRef = 847D47401DCC77C600BE00DA /* shear@2x.png */; };
		847D47471DCC77C600BE00DA /* shear@3x.png in Resources */ = {isa = PBXBuildFile; fileRef = 847D47411DCC77C600BE00DA /* shear@3x.png */; };
		847D47481DCC77C600BE00DA /* comment.png in Resources */ = {isa = PBXBuildFile; fileRef = 847D47421DCC77C600BE00DA /* comment.png */; };
		847D47491DCC77C600BE00DA /* comment@2x.png in Resources */ = {isa = PBXBuildFile; fileRef = 847D47431DCC77C600BE00DA /* comment@2x.png */; };
		847D474A1DCC77C600BE00DA /* comment@3x.png in Resources */ = {isa = PBXBuildFile; fileRef = 847D47441DCC77C600BE00DA /* comment@3x.png */; };
		847D474D1DCC8C0300BE00DA /* Tool.m in Sources */ = {isa = PBXBuildFile; fileRef = 847D474C1DCC8C0300BE00DA /* Tool.m */; };
/* End PBXBuildFile section */

/* Begin PBXContainerItemProxy section */
		847D45A81DCAE17E00BE00DA /* PBXContainerItemProxy */ = {
			isa = PBXContainerItemProxy;
			containerPortal = 847D45861DCAE17D00BE00DA /* Project object */;
			proxyType = 1;
			remoteGlobalIDString = 847D458D1DCAE17D00BE00DA;
			remoteInfo = Post;
		};
/* End PBXContainerItemProxy section */

/* Begin PBXFileReference section */
		847D458E1DCAE17D00BE00DA /* Post.app */ = {isa = PBXFileReference; explicitFileType = wrapper.application; includeInIndex = 0; path = Post.app; sourceTree = BUILT_PRODUCTS_DIR; };
		847D45921DCAE17D00BE00DA /* main.m */ = {isa = PBXFileReference; lastKnownFileType = sourcecode.c.objc; path = main.m; sourceTree = "<group>"; };
		847D45941DCAE17D00BE00DA /* AppDelegate.h */ = {isa = PBXFileReference; lastKnownFileType = sourcecode.c.h; path = AppDelegate.h; sourceTree = "<group>"; };
		847D45951DCAE17D00BE00DA /* AppDelegate.m */ = {isa = PBXFileReference; lastKnownFileType = sourcecode.c.objc; path = AppDelegate.m; sourceTree = "<group>"; };
		847D45971DCAE17D00BE00DA /* ViewController.h */ = {isa = PBXFileReference; lastKnownFileType = sourcecode.c.h; path = ViewController.h; sourceTree = "<group>"; };
		847D45981DCAE17D00BE00DA /* ViewController.m */ = {isa = PBXFileReference; lastKnownFileType = sourcecode.c.objc; path = ViewController.m; sourceTree = "<group>"; };
		847D459D1DCAE17D00BE00DA /* Assets.xcassets */ = {isa = PBXFileReference; lastKnownFileType = folder.assetcatalog; path = Assets.xcassets; sourceTree = "<group>"; };
		847D45A01DCAE17D00BE00DA /* Base */ = {isa = PBXFileReference; lastKnownFileType = file.storyboard; name = Base; path = Base.lproj/LaunchScreen.storyboard; sourceTree = "<group>"; };
		847D45A21DCAE17E00BE00DA /* Info.plist */ = {isa = PBXFileReference; lastKnownFileType = text.plist.xml; path = Info.plist; sourceTree = "<group>"; };
		847D45A71DCAE17E00BE00DA /* PostTests.xctest */ = {isa = PBXFileReference; explicitFileType = wrapper.cfbundle; includeInIndex = 0; path = PostTests.xctest; sourceTree = BUILT_PRODUCTS_DIR; };
		847D45AB1DCAE17E00BE00DA /* PostTests.m */ = {isa = PBXFileReference; lastKnownFileType = sourcecode.c.objc; path = PostTests.m; sourceTree = "<group>"; };
		847D45AD1DCAE17E00BE00DA /* Info.plist */ = {isa = PBXFileReference; lastKnownFileType = text.plist.xml; path = Info.plist; sourceTree = "<group>"; };
		847D45BC1DCB116400BE00DA /* MyStoryboard.storyboard */ = {isa = PBXFileReference; fileEncoding = 4; lastKnownFileType = file.storyboard; path = MyStoryboard.storyboard; sourceTree = "<group>"; };
		847D45BE1DCB117300BE00DA /* MessageStoryboard.storyboard */ = {isa = PBXFileReference; fileEncoding = 4; lastKnownFileType = file.storyboard; path = MessageStoryboard.storyboard; sourceTree = "<group>"; };
		847D45C01DCB118B00BE00DA /* FriendsStoryboard.storyboard */ = {isa = PBXFileReference; fileEncoding = 4; lastKnownFileType = file.storyboard; path = FriendsStoryboard.storyboard; sourceTree = "<group>"; };
		847D45C21DCB119800BE00DA /* DynamicStoryboard.storyboard */ = {isa = PBXFileReference; fileEncoding = 4; lastKnownFileType = file.storyboard; path = DynamicStoryboard.storyboard; sourceTree = "<group>"; };
		847D45C41DCB11EC00BE00DA /* DynamicViewController.h */ = {isa = PBXFileReference; fileEncoding = 4; lastKnownFileType = sourcecode.c.h; path = DynamicViewController.h; sourceTree = "<group>"; };
		847D45C51DCB11EC00BE00DA /* DynamicViewController.m */ = {isa = PBXFileReference; fileEncoding = 4; lastKnownFileType = sourcecode.c.objc; path = DynamicViewController.m; sourceTree = "<group>"; };
		847D45C71DCB127400BE00DA /* FriendsViewController.h */ = {isa = PBXFileReference; fileEncoding = 4; lastKnownFileType = sourcecode.c.h; path = FriendsViewController.h; sourceTree = "<group>"; };
		847D45C81DCB127400BE00DA /* FriendsViewController.m */ = {isa = PBXFileReference; fileEncoding = 4; lastKnownFileType = sourcecode.c.objc; path = FriendsViewController.m; sourceTree = "<group>"; };
		847D45CA1DCB12A000BE00DA /* MessageViewController.h */ = {isa = PBXFileReference; fileEncoding = 4; lastKnownFileType = sourcecode.c.h; path = MessageViewController.h; sourceTree = "<group>"; };
		847D45CB1DCB12A000BE00DA /* MessageViewController.m */ = {isa = PBXFileReference; fileEncoding = 4; lastKnownFileType = sourcecode.c.objc; path = MessageViewController.m; sourceTree = "<group>"; };
		847D45CD1DCB12D800BE00DA /* MyViewController.h */ = {isa = PBXFileReference; fileEncoding = 4; lastKnownFileType = sourcecode.c.h; path = MyViewController.h; sourceTree = "<group>"; };
		847D45CE1DCB12D800BE00DA /* MyViewController.m */ = {isa = PBXFileReference; fileEncoding = 4; lastKnownFileType = sourcecode.c.objc; path = MyViewController.m; sourceTree = "<group>"; };
		847D45D01DCB131500BE00DA /* MainViewController.h */ = {isa = PBXFileReference; fileEncoding = 4; lastKnownFileType = sourcecode.c.h; path = MainViewController.h; sourceTree = "<group>"; };
		847D45D11DCB131500BE00DA /* MainViewController.m */ = {isa = PBXFileReference; fileEncoding = 4; lastKnownFileType = sourcecode.c.objc; path = MainViewController.m; sourceTree = "<group>"; };
		847D45D31DCB136300BE00DA /* Main.storyboard */ = {isa = PBXFileReference; fileEncoding = 4; lastKnownFileType = file.storyboard; path = Main.storyboard; sourceTree = "<group>"; };
		847D45D81DCB1CB900BE00DA /* PrefixHeader.pch */ = {isa = PBXFileReference; fileEncoding = 4; lastKnownFileType = sourcecode.c.h; path = PrefixHeader.pch; sourceTree = "<group>"; };
		847D46E71DCB3D1800BE00DA /* add.png */ = {isa = PBXFileReference; lastKnownFileType = image.png; path = add.png; sourceTree = "<group>"; };
		847D46E81DCB3D1800BE00DA /* add@2x.png */ = {isa = PBXFileReference; lastKnownFileType = image.png; path = "add@2x.png"; sourceTree = "<group>"; };
		847D46E91DCB3D1800BE00DA /* add@3x.png */ = {isa = PBXFileReference; lastKnownFileType = image.png; path = "add@3x.png"; sourceTree = "<group>"; };
		847D46EA1DCB3D1800BE00DA /* search.png */ = {isa = PBXFileReference; lastKnownFileType = image.png; path = search.png; sourceTree = "<group>"; };
		847D46EB1DCB3D1800BE00DA /* search@2x.png */ = {isa = PBXFileReference; lastKnownFileType = image.png; path = "search@2x.png"; sourceTree = "<group>"; };
		847D46EC1DCB3D1800BE00DA /* search@3x.png */ = {isa = PBXFileReference; lastKnownFileType = image.png; path = "search@3x.png"; sourceTree = "<group>"; };
		847D46FA1DCC34F100BE00DA /* TypeOneTableViewCell.h */ = {isa = PBXFileReference; fileEncoding = 4; lastKnownFileType = sourcecode.c.h; path = TypeOneTableViewCell.h; sourceTree = "<group>"; };
		847D46FB1DCC34F100BE00DA /* TypeOneTableViewCell.m */ = {isa = PBXFileReference; fileEncoding = 4; lastKnownFileType = sourcecode.c.objc; path = TypeOneTableViewCell.m; sourceTree = "<group>"; };
		847D46FC1DCC34F100BE00DA /* TypeOneTableViewCell.xib */ = {isa = PBXFileReference; fileEncoding = 4; lastKnownFileType = file.xib; path = TypeOneTableViewCell.xib; sourceTree = "<group>"; };
		847D46FF1DCC390C00BE00DA /* more.png */ = {isa = PBXFileReference; lastKnownFileType = image.png; path = more.png; sourceTree = "<group>"; };
		847D47001DCC390C00BE00DA /* more@2x.png */ = {isa = PBXFileReference; lastKnownFileType = image.png; path = "more@2x.png"; sourceTree = "<group>"; };
		847D47011DCC390C00BE00DA /* more@3x.png */ = {isa = PBXFileReference; lastKnownFileType = image.png; path = "more@3x.png"; sourceTree = "<group>"; };
		847D47051DCC3A2A00BE00DA /* header.png */ = {isa = PBXFileReference; lastKnownFileType = image.png; path = header.png; sourceTree = "<group>"; };
		847D47071DCC3B0100BE00DA /* voice@2x.png */ = {isa = PBXFileReference; lastKnownFileType = image.png; path = "voice@2x.png"; sourceTree = "<group>"; };
		847D47081DCC3B0100BE00DA /* voice@3x.png */ = {isa = PBXFileReference; lastKnownFileType = image.png; path = "voice@3x.png"; sourceTree = "<group>"; };
		847D47091DCC3B0100BE00DA /* voice.png */ = {isa = PBXFileReference; lastKnownFileType = image.png; path = voice.png; sourceTree = "<group>"; };
		847D470D1DCC3B6A00BE00DA /* info.png */ = {isa = PBXFileReference; lastKnownFileType = image.png; path = info.png; sourceTree = "<group>"; };
		847D470E1DCC3B6A00BE00DA /* info@2x.png */ = {isa = PBXFileReference; lastKnownFileType = image.png; path = "info@2x.png"; sourceTree = "<group>"; };
		847D470F1DCC3B6A00BE00DA /* info@3x.png */ = {isa = PBXFileReference; lastKnownFileType = image.png; path = "info@3x.png"; sourceTree = "<group>"; };
		847D47131DCC3E1F00BE00DA /* PostsView.h */ = {isa = PBXFileReference; fileEncoding = 4; lastKnownFileType = sourcecode.c.h; path = PostsView.h; sourceTree = "<group>"; };
		847D47141DCC3E1F00BE00DA /* PostsView.m */ = {isa = PBXFileReference; fileEncoding = 4; lastKnownFileType = sourcecode.c.objc; path = PostsView.m; sourceTree = "<group>"; };
		847D47171DCC44C500BE00DA /* PostsModel.h */ = {isa = PBXFileReference; fileEncoding = 4; lastKnownFileType = sourcecode.c.h; path = PostsModel.h; sourceTree = "<group>"; };
		847D47181DCC44C500BE00DA /* PostsModel.m */ = {isa = PBXFileReference; fileEncoding = 4; lastKnownFileType = sourcecode.c.objc; path = PostsModel.m; sourceTree = "<group>"; };
		847D471A1DCC46B800BE00DA /* TypeTowTableViewCell.h */ = {isa = PBXFileReference; fileEncoding = 4; lastKnownFileType = sourcecode.c.h; path = TypeTowTableViewCell.h; sourceTree = "<group>"; };
		847D471B1DCC46B800BE00DA /* TypeTowTableViewCell.m */ = {isa = PBXFileReference; fileEncoding = 4; lastKnownFileType = sourcecode.c.objc; path = TypeTowTableViewCell.m; sourceTree = "<group>"; };
		847D471C1DCC46B800BE00DA /* TypeTowTableViewCell.xib */ = {isa = PBXFileReference; fileEncoding = 4; lastKnownFileType = file.xib; path = TypeTowTableViewCell.xib; sourceTree = "<group>"; };
		847D471F1DCC46CD00BE00DA /* TypeThreeTableViewCell.h */ = {isa = PBXFileReference; fileEncoding = 4; lastKnownFileType = sourcecode.c.h; path = TypeThreeTableViewCell.h; sourceTree = "<group>"; };
		847D47201DCC46CD00BE00DA /* TypeThreeTableViewCell.m */ = {isa = PBXFileReference; fileEncoding = 4; lastKnownFileType = sourcecode.c.objc; path = TypeThreeTableViewCell.m; sourceTree = "<group>"; };
		847D47211DCC46CD00BE00DA /* TypeThreeTableViewCell.xib */ = {isa = PBXFileReference; fileEncoding = 4; lastKnownFileType = file.xib; path = TypeThreeTableViewCell.xib; sourceTree = "<group>"; };
		847D47271DCC726C00BE00DA /* addFriends.png */ = {isa = PBXFileReference; lastKnownFileType = image.png; path = addFriends.png; sourceTree = "<group>"; };
		847D47281DCC726C00BE00DA /* addFriends@2x.png */ = {isa = PBXFileReference; lastKnownFileType = image.png; path = "addFriends@2x.png"; sourceTree = "<group>"; };
		847D47291DCC726C00BE00DA /* addFriends@3x.png */ = {isa = PBXFileReference; lastKnownFileType = image.png; path = "addFriends@3x.png"; sourceTree = "<group>"; };
		847D472A1DCC726C00BE00DA /* addFriendsUnSelect.png */ = {isa = PBXFileReference; lastKnownFileType = image.png; path = addFriendsUnSelect.png; sourceTree = "<group>"; };
		847D472B1DCC726C00BE00DA /* addFriendsUnSelect@2x.png */ = {isa = PBXFileReference; lastKnownFileType = image.png; path = "addFriendsUnSelect@2x.png"; sourceTree = "<group>"; };
		847D472C1DCC726C00BE00DA /* addFriendsUnSelect@3x.png */ = {isa = PBXFileReference; lastKnownFileType = image.png; path = "addFriendsUnSelect@3x.png"; sourceTree = "<group>"; };
		847D47331DCC773700BE00DA /* ThumbsUp.png */ = {isa = PBXFileReference; lastKnownFileType = image.png; path = ThumbsUp.png; sourceTree = "<group>"; };
		847D47341DCC773700BE00DA /* ThumbsUp@2x.png */ = {isa = PBXFileReference; lastKnownFileType = image.png; path = "ThumbsUp@2x.png"; sourceTree = "<group>"; };
		847D47351DCC773700BE00DA /* ThumbsUp@3x.png */ = {isa = PBXFileReference; lastKnownFileType = image.png; path = "ThumbsUp@3x.png"; sourceTree = "<group>"; };
		847D47361DCC773700BE00DA /* ThumbsUpUN.png */ = {isa = PBXFileReference; lastKnownFileType = image.png; path = ThumbsUpUN.png; sourceTree = "<group>"; };
		847D47371DCC773700BE00DA /* ThumbsUpUN@2x.png */ = {isa = PBXFileReference; lastKnownFileType = image.png; path = "ThumbsUpUN@2x.png"; sourceTree = "<group>"; };
		847D47381DCC773700BE00DA /* ThumbsUpUN@3x.png */ = {isa = PBXFileReference; lastKnownFileType = image.png; path = "ThumbsUpUN@3x.png"; sourceTree = "<group>"; };
		847D473F1DCC77C600BE00DA /* shear.png */ = {isa = PBXFileReference; lastKnownFileType = image.png; path = shear.png; sourceTree = "<group>"; };
		847D47401DCC77C600BE00DA /* shear@2x.png */ = {isa = PBXFileReference; lastKnownFileType = image.png; path = "shear@2x.png"; sourceTree = "<group>"; };
		847D47411DCC77C600BE00DA /* shear@3x.png */ = {isa = PBXFileReference; lastKnownFileType = image.png; path = "shear@3x.png"; sourceTree = "<group>"; };
		847D47421DCC77C600BE00DA /* comment.png */ = {isa = PBXFileReference; lastKnownFileType = image.png; path = comment.png; sourceTree = "<group>"; };
		847D47431DCC77C600BE00DA /* comment@2x.png */ = {isa = PBXFileReference; lastKnownFileType = image.png; path = "comment@2x.png"; sourceTree = "<group>"; };
		847D47441DCC77C600BE00DA /* comment@3x.png */ = {isa = PBXFileReference; lastKnownFileType = image.png; path = "comment@3x.png"; sourceTree = "<group>"; };
		847D474B1DCC8C0300BE00DA /* Tool.h */ = {isa = PBXFileReference; fileEncoding = 4; lastKnownFileType = sourcecode.c.h; path = Tool.h; sourceTree = "<group>"; };
		847D474C1DCC8C0300BE00DA /* Tool.m */ = {isa = PBXFileReference; fileEncoding = 4; lastKnownFileType = sourcecode.c.objc; path = Tool.m; sourceTree = "<group>"; };
/* End PBXFileReference section */

/* Begin PBXFrameworksBuildPhase section */
		847D458B1DCAE17D00BE00DA /* Frameworks */ = {
			isa = PBXFrameworksBuildPhase;
			buildActionMask = 2147483647;
			files = (
			);
			runOnlyForDeploymentPostprocessing = 0;
		};
		847D45A41DCAE17E00BE00DA /* Frameworks */ = {
			isa = PBXFrameworksBuildPhase;
			buildActionMask = 2147483647;
			files = (
			);
			runOnlyForDeploymentPostprocessing = 0;
		};
/* End PBXFrameworksBuildPhase section */

/* Begin PBXGroup section */
		847D45851DCAE17D00BE00DA = {
			isa = PBXGroup;
			children = (
				847D45901DCAE17D00BE00DA /* Post */,
				847D45AA1DCAE17E00BE00DA /* PostTests */,
				847D458F1DCAE17D00BE00DA /* Products */,
			);
			sourceTree = "<group>";
		};
		847D458F1DCAE17D00BE00DA /* Products */ = {
			isa = PBXGroup;
			children = (
				847D458E1DCAE17D00BE00DA /* Post.app */,
				847D45A71DCAE17E00BE00DA /* PostTests.xctest */,
			);
			name = Products;
			sourceTree = "<group>";
		};
		847D45901DCAE17D00BE00DA /* Post */ = {
			isa = PBXGroup;
			children = (
				847D45D61DCB1CA500BE00DA /* Public */,
				847D45BB1DCB113700BE00DA /* Main */,
				847D45B71DCB10C900BE00DA /* My */,
				847D45B81DCB10C900BE00DA /* Message */,
				847D45B91DCB10C900BE00DA /* Friends */,
				847D45BA1DCB10C900BE00DA /* Dynamic */,
				847D45941DCAE17D00BE00DA /* AppDelegate.h */,
				847D45951DCAE17D00BE00DA /* AppDelegate.m */,
				847D45971DCAE17D00BE00DA /* ViewController.h */,
				847D45981DCAE17D00BE00DA /* ViewController.m */,
				847D459D1DCAE17D00BE00DA /* Assets.xcassets */,
				847D459F1DCAE17D00BE00DA /* LaunchScreen.storyboard */,
				847D45A21DCAE17E00BE00DA /* Info.plist */,
				847D45911DCAE17D00BE00DA /* Supporting Files */,
			);
			path = Post;
			sourceTree = "<group>";
		};
		847D45911DCAE17D00BE00DA /* Supporting Files */ = {
			isa = PBXGroup;
			children = (
				847D45D51DCB191800BE00DA /* Image */,
				847D45921DCAE17D00BE00DA /* main.m */,
			);
			name = "Supporting Files";
			sourceTree = "<group>";
		};
		847D45AA1DCAE17E00BE00DA /* PostTests */ = {
			isa = PBXGroup;
			children = (
				847D45AB1DCAE17E00BE00DA /* PostTests.m */,
				847D45AD1DCAE17E00BE00DA /* Info.plist */,
			);
			path = PostTests;
			sourceTree = "<group>";
		};
		847D45B71DCB10C900BE00DA /* My */ = {
			isa = PBXGroup;
			children = (
				847D45BC1DCB116400BE00DA /* MyStoryboard.storyboard */,
				847D45CD1DCB12D800BE00DA /* MyViewController.h */,
				847D45CE1DCB12D800BE00DA /* MyViewController.m */,
			);
			path = My;
			sourceTree = "<group>";
		};
		847D45B81DCB10C900BE00DA /* Message */ = {
			isa = PBXGroup;
			children = (
				847D45BE1DCB117300BE00DA /* MessageStoryboard.storyboard */,
				847D45CA1DCB12A000BE00DA /* MessageViewController.h */,
				847D45CB1DCB12A000BE00DA /* MessageViewController.m */,
			);
			path = Message;
			sourceTree = "<group>";
		};
		847D45B91DCB10C900BE00DA /* Friends */ = {
			isa = PBXGroup;
			children = (
				847D45C01DCB118B00BE00DA /* FriendsStoryboard.storyboard */,
				847D45C71DCB127400BE00DA /* FriendsViewController.h */,
				847D45C81DCB127400BE00DA /* FriendsViewController.m */,
			);
			path = Friends;
			sourceTree = "<group>";
		};
		847D45BA1DCB10C900BE00DA /* Dynamic */ = {
			isa = PBXGroup;
			children = (
				847D46F61DCB444700BE00DA /* tableViewcell */,
				847D45C21DCB119800BE00DA /* DynamicStoryboard.storyboard */,
				847D45C41DCB11EC00BE00DA /* DynamicViewController.h */,
				847D45C51DCB11EC00BE00DA /* DynamicViewController.m */,
			);
			path = Dynamic;
			sourceTree = "<group>";
		};
		847D45BB1DCB113700BE00DA /* Main */ = {
			isa = PBXGroup;
			children = (
				847D45D31DCB136300BE00DA /* Main.storyboard */,
				847D45D01DCB131500BE00DA /* MainViewController.h */,
				847D45D11DCB131500BE00DA /* MainViewController.m */,
			);
			path = Main;
			sourceTree = "<group>";
		};
		847D45D51DCB191800BE00DA /* Image */ = {
			isa = PBXGroup;
			children = (
				847D473F1DCC77C600BE00DA /* shear.png */,
				847D47401DCC77C600BE00DA /* shear@2x.png */,
				847D47411DCC77C600BE00DA /* shear@3x.png */,
				847D47421DCC77C600BE00DA /* comment.png */,
				847D47431DCC77C600BE00DA /* comment@2x.png */,
				847D47441DCC77C600BE00DA /* comment@3x.png */,
				847D47331DCC773700BE00DA /* ThumbsUp.png */,
				847D47341DCC773700BE00DA /* ThumbsUp@2x.png */,
				847D47351DCC773700BE00DA /* ThumbsUp@3x.png */,
				847D47361DCC773700BE00DA /* ThumbsUpUN.png */,
				847D47371DCC773700BE00DA /* ThumbsUpUN@2x.png */,
				847D47381DCC773700BE00DA /* ThumbsUpUN@3x.png */,
				847D47271DCC726C00BE00DA /* addFriends.png */,
				847D47281DCC726C00BE00DA /* addFriends@2x.png */,
				847D47291DCC726C00BE00DA /* addFriends@3x.png */,
				847D472A1DCC726C00BE00DA /* addFriendsUnSelect.png */,
				847D472B1DCC726C00BE00DA /* addFriendsUnSelect@2x.png */,
				847D472C1DCC726C00BE00DA /* addFriendsUnSelect@3x.png */,
				847D470D1DCC3B6A00BE00DA /* info.png */,
				847D470E1DCC3B6A00BE00DA /* info@2x.png */,
				847D470F1DCC3B6A00BE00DA /* info@3x.png */,
				847D47071DCC3B0100BE00DA /* voice@2x.png */,
				847D47081DCC3B0100BE00DA /* voice@3x.png */,
				847D47091DCC3B0100BE00DA /* voice.png */,
				847D47051DCC3A2A00BE00DA /* header.png */,
				847D46E71DCB3D1800BE00DA /* add.png */,
				847D46E81DCB3D1800BE00DA /* add@2x.png */,
				847D46E91DCB3D1800BE00DA /* add@3x.png */,
				847D46EA1DCB3D1800BE00DA /* search.png */,
				847D46EB1DCB3D1800BE00DA /* search@2x.png */,
				847D46EC1DCB3D1800BE00DA /* search@3x.png */,
				847D46FF1DCC390C00BE00DA /* more.png */,
				847D47001DCC390C00BE00DA /* more@2x.png */,
				847D47011DCC390C00BE00DA /* more@3x.png */,
			);
			path = Image;
			sourceTree = "<group>";
		};
		847D45D61DCB1CA500BE00DA /* Public */ = {
			isa = PBXGroup;
			children = (
				847D45D71DCB1CA500BE00DA /* Tool */,
				847D45D81DCB1CB900BE00DA /* PrefixHeader.pch */,
			);
			path = Public;
			sourceTree = "<group>";
		};
		847D45D71DCB1CA500BE00DA /* Tool */ = {
			isa = PBXGroup;
			children = (
				847D474B1DCC8C0300BE00DA /* Tool.h */,
				847D474C1DCC8C0300BE00DA /* Tool.m */,
			);
			path = Tool;
			sourceTree = "<group>";
		};
		847D46F61DCB444700BE00DA /* tableViewcell */ = {
			isa = PBXGroup;
			children = (
				847D47161DCC44A000BE00DA /* Model */,
				847D46F71DCB444700BE00DA /* type1 */,
				847D46F81DCB444700BE00DA /* type2 */,
				847D46F91DCB444700BE00DA /* type3 */,
			);
			path = tableViewcell;
			sourceTree = "<group>";
		};
		847D46F71DCB444700BE00DA /* type1 */ = {
			isa = PBXGroup;
			children = (
				847D46FA1DCC34F100BE00DA /* TypeOneTableViewCell.h */,
				847D46FB1DCC34F100BE00DA /* TypeOneTableViewCell.m */,
				847D46FC1DCC34F100BE00DA /* TypeOneTableViewCell.xib */,
				847D47131DCC3E1F00BE00DA /* PostsView.h */,
				847D47141DCC3E1F00BE00DA /* PostsView.m */,
			);
			path = type1;
			sourceTree = "<group>";
		};
		847D46F81DCB444700BE00DA /* type2 */ = {
			isa = PBXGroup;
			children = (
				847D471A1DCC46B800BE00DA /* TypeTowTableViewCell.h */,
				847D471B1DCC46B800BE00DA /* TypeTowTableViewCell.m */,
				847D471C1DCC46B800BE00DA /* TypeTowTableViewCell.xib */,
			);
			path = type2;
			sourceTree = "<group>";
		};
		847D46F91DCB444700BE00DA /* type3 */ = {
			isa = PBXGroup;
			children = (
				847D471F1DCC46CD00BE00DA /* TypeThreeTableViewCell.h */,
				847D47201DCC46CD00BE00DA /* TypeThreeTableViewCell.m */,
				847D47211DCC46CD00BE00DA /* TypeThreeTableViewCell.xib */,
			);
			path = type3;
			sourceTree = "<group>";
		};
		847D47161DCC44A000BE00DA /* Model */ = {
			isa = PBXGroup;
			children = (
				847D47171DCC44C500BE00DA /* PostsModel.h */,
				847D47181DCC44C500BE00DA /* PostsModel.m */,
			);
			path = Model;
			sourceTree = "<group>";
		};
/* End PBXGroup section */

/* Begin PBXNativeTarget section */
		847D458D1DCAE17D00BE00DA /* Post */ = {
			isa = PBXNativeTarget;
			buildConfigurationList = 847D45B01DCAE17E00BE00DA /* Build configuration list for PBXNativeTarget "Post" */;
			buildPhases = (
				847D458A1DCAE17D00BE00DA /* Sources */,
				847D458B1DCAE17D00BE00DA /* Frameworks */,
				847D458C1DCAE17D00BE00DA /* Resources */,
			);
			buildRules = (
			);
			dependencies = (
			);
			name = Post;
			productName = Post;
			productReference = 847D458E1DCAE17D00BE00DA /* Post.app */;
			productType = "com.apple.product-type.application";
		};
		847D45A61DCAE17E00BE00DA /* PostTests */ = {
			isa = PBXNativeTarget;
			buildConfigurationList = 847D45B31DCAE17E00BE00DA /* Build configuration list for PBXNativeTarget "PostTests" */;
			buildPhases = (
				847D45A31DCAE17E00BE00DA /* Sources */,
				847D45A41DCAE17E00BE00DA /* Frameworks */,
				847D45A51DCAE17E00BE00DA /* Resources */,
			);
			buildRules = (
			);
			dependencies = (
				847D45A91DCAE17E00BE00DA /* PBXTargetDependency */,
			);
			name = PostTests;
			productName = PostTests;
			productReference = 847D45A71DCAE17E00BE00DA /* PostTests.xctest */;
			productType = "com.apple.product-type.bundle.unit-test";
		};
/* End PBXNativeTarget section */

/* Begin PBXProject section */
		847D45861DCAE17D00BE00DA /* Project object */ = {
			isa = PBXProject;
			attributes = {
				LastUpgradeCheck = 0810;
				ORGANIZATIONNAME = Post;
				TargetAttributes = {
					847D458D1DCAE17D00BE00DA = {
						CreatedOnToolsVersion = 8.1;
						ProvisioningStyle = Automatic;
					};
					847D45A61DCAE17E00BE00DA = {
						CreatedOnToolsVersion = 8.1;
						ProvisioningStyle = Automatic;
						TestTargetID = 847D458D1DCAE17D00BE00DA;
					};
				};
			};
			buildConfigurationList = 847D45891DCAE17D00BE00DA /* Build configuration list for PBXProject "Post" */;
			compatibilityVersion = "Xcode 3.2";
			developmentRegion = English;
			hasScannedForEncodings = 0;
			knownRegions = (
				en,
				Base,
			);
			mainGroup = 847D45851DCAE17D00BE00DA;
			productRefGroup = 847D458F1DCAE17D00BE00DA /* Products */;
			projectDirPath = "";
			projectRoot = "";
			targets = (
				847D458D1DCAE17D00BE00DA /* Post */,
				847D45A61DCAE17E00BE00DA /* PostTests */,
			);
		};
/* End PBXProject section */

/* Begin PBXResourcesBuildPhase section */
		847D458C1DCAE17D00BE00DA /* Resources */ = {
			isa = PBXResourcesBuildPhase;
			buildActionMask = 2147483647;
			files = (
				847D473C1DCC773700BE00DA /* ThumbsUpUN.png in Resources */,
				847D47231DCC46CD00BE00DA /* TypeThreeTableViewCell.xib in Resources */,
				847D470B1DCC3B0100BE00DA /* voice@3x.png in Resources */,
				847D46F21DCB3D1800BE00DA /* search@3x.png in Resources */,
				847D47461DCC77C600BE00DA /* shear@2x.png in Resources */,
				847D47391DCC773700BE00DA /* ThumbsUp.png in Resources */,
				847D46F11DCB3D1800BE00DA /* search@2x.png in Resources */,
				847D474A1DCC77C600BE00DA /* comment@3x.png in Resources */,
				847D47301DCC726C00BE00DA /* addFriendsUnSelect.png in Resources */,
				847D47491DCC77C600BE00DA /* comment@2x.png in Resources */,
				847D47101DCC3B6A00BE00DA /* info.png in Resources */,
				847D470C1DCC3B0100BE00DA /* voice.png in Resources */,
				847D45D41DCB136300BE00DA /* Main.storyboard in Resources */,
				847D46EF1DCB3D1800BE00DA /* add@3x.png in Resources */,
				847D45A11DCAE17D00BE00DA /* LaunchScreen.storyboard in Resources */,
				847D47481DCC77C600BE00DA /* comment.png in Resources */,
				847D472D1DCC726C00BE00DA /* addFriends.png in Resources */,
				847D47451DCC77C600BE00DA /* shear.png in Resources */,
				847D46EE1DCB3D1800BE00DA /* add@2x.png in Resources */,
				847D47061DCC3A2A00BE00DA /* header.png in Resources */,
				847D46FE1DCC34F200BE00DA /* TypeOneTableViewCell.xib in Resources */,
				847D47321DCC726C00BE00DA /* addFriendsUnSelect@3x.png in Resources */,
				847D472F1DCC726C00BE00DA /* addFriends@3x.png in Resources */,
				847D47311DCC726C00BE00DA /* addFriendsUnSelect@2x.png in Resources */,
				847D471E1DCC46B800BE00DA /* TypeTowTableViewCell.xib in Resources */,
				847D472E1DCC726C00BE00DA /* addFriends@2x.png in Resources */,
				847D47041DCC390C00BE00DA /* more@3x.png in Resources */,
				847D473B1DCC773700BE00DA /* ThumbsUp@3x.png in Resources */,
				847D45BD1DCB116400BE00DA /* MyStoryboard.storyboard in Resources */,
				847D46ED1DCB3D1800BE00DA /* add.png in Resources */,
				847D45BF1DCB117300BE00DA /* MessageStoryboard.storyboard in Resources */,
				847D46F01DCB3D1800BE00DA /* search.png in Resources */,
				847D47031DCC390C00BE00DA /* more@2x.png in Resources */,
				847D473D1DCC773700BE00DA /* ThumbsUpUN@2x.png in Resources */,
				847D473A1DCC773700BE00DA /* ThumbsUp@2x.png in Resources */,
				847D470A1DCC3B0100BE00DA /* voice@2x.png in Resources */,
				847D47021DCC390C00BE00DA /* more.png in Resources */,
				847D459E1DCAE17D00BE00DA /* Assets.xcassets in Resources */,
				847D45C31DCB119800BE00DA /* DynamicStoryboard.storyboard in Resources */,
				847D473E1DCC773700BE00DA /* ThumbsUpUN@3x.png in Resources */,
				847D47121DCC3B6A00BE00DA /* info@3x.png in Resources */,
				847D45C11DCB118B00BE00DA /* FriendsStoryboard.storyboard in Resources */,
				847D47111DCC3B6A00BE00DA /* info@2x.png in Resources */,
				847D47471DCC77C600BE00DA /* shear@3x.png in Resources */,
			);
			runOnlyForDeploymentPostprocessing = 0;
		};
		847D45A51DCAE17E00BE00DA /* Resources */ = {
			isa = PBXResourcesBuildPhase;
			buildActionMask = 2147483647;
			files = (
			);
			runOnlyForDeploymentPostprocessing = 0;
		};
/* End PBXResourcesBuildPhase section */

/* Begin PBXSourcesBuildPhase section */
		847D458A1DCAE17D00BE00DA /* Sources */ = {
			isa = PBXSourcesBuildPhase;
			buildActionMask = 2147483647;
			files = (
				847D474D1DCC8C0300BE00DA /* Tool.m in Sources */,
				847D47221DCC46CD00BE00DA /* TypeThreeTableViewCell.m in Sources */,
				847D45CC1DCB12A000BE00DA /* MessageViewController.m in Sources */,
				847D47191DCC44C500BE00DA /* PostsModel.m in Sources */,
				847D45C91DCB127400BE00DA /* FriendsViewController.m in Sources */,
				847D47151DCC3E1F00BE00DA /* PostsView.m in Sources */,
				847D45991DCAE17D00BE00DA /* ViewController.m in Sources */,
				847D45D21DCB131500BE00DA /* MainViewController.m in Sources */,
				847D45961DCAE17D00BE00DA /* AppDelegate.m in Sources */,
				847D471D1DCC46B800BE00DA /* TypeTowTableViewCell.m in Sources */,
				847D45C61DCB11EC00BE00DA /* DynamicViewController.m in Sources */,
				847D45931DCAE17D00BE00DA /* main.m in Sources */,
				847D46FD1DCC34F200BE00DA /* TypeOneTableViewCell.m in Sources */,
				847D45CF1DCB12D800BE00DA /* MyViewController.m in Sources */,
			);
			runOnlyForDeploymentPostprocessing = 0;
		};
		847D45A31DCAE17E00BE00DA /* Sources */ = {
			isa = PBXSourcesBuildPhase;
			buildActionMask = 2147483647;
			files = (
				847D45AC1DCAE17E00BE00DA /* PostTests.m in Sources */,
			);
			runOnlyForDeploymentPostprocessing = 0;
		};
/* End PBXSourcesBuildPhase section */

/* Begin PBXTargetDependency section */
		847D45A91DCAE17E00BE00DA /* PBXTargetDependency */ = {
			isa = PBXTargetDependency;
			target = 847D458D1DCAE17D00BE00DA /* Post */;
			targetProxy = 847D45A81DCAE17E00BE00DA /* PBXContainerItemProxy */;
		};
/* End PBXTargetDependency section */

/* Begin PBXVariantGroup section */
		847D459F1DCAE17D00BE00DA /* LaunchScreen.storyboard */ = {
			isa = PBXVariantGroup;
			children = (
				847D45A01DCAE17D00BE00DA /* Base */,
			);
			name = LaunchScreen.storyboard;
			sourceTree = "<group>";
		};
/* End PBXVariantGroup section */

/* Begin XCBuildConfiguration section */
		847D45AE1DCAE17E00BE00DA /* Debug */ = {
			isa = XCBuildConfiguration;
			buildSettings = {
				ALWAYS_SEARCH_USER_PATHS = NO;
				CLANG_ANALYZER_NONNULL = YES;
				CLANG_CXX_LANGUAGE_STANDARD = "gnu++0x";
				CLANG_CXX_LIBRARY = "libc++";
				CLANG_ENABLE_MODULES = YES;
				CLANG_ENABLE_OBJC_ARC = YES;
				CLANG_WARN_BOOL_CONVERSION = YES;
				CLANG_WARN_CONSTANT_CONVERSION = YES;
				CLANG_WARN_DIRECT_OBJC_ISA_USAGE = YES_ERROR;
				CLANG_WARN_DOCUMENTATION_COMMENTS = YES;
				CLANG_WARN_EMPTY_BODY = YES;
				CLANG_WARN_ENUM_CONVERSION = YES;
				CLANG_WARN_INFINITE_RECURSION = YES;
				CLANG_WARN_INT_CONVERSION = YES;
				CLANG_WARN_OBJC_ROOT_CLASS = YES_ERROR;
				CLANG_WARN_SUSPICIOUS_MOVES = YES;
				CLANG_WARN_UNREACHABLE_CODE = YES;
				CLANG_WARN__DUPLICATE_METHOD_MATCH = YES;
				"CODE_SIGN_IDENTITY[sdk=iphoneos*]" = "iPhone Developer";
				COPY_PHASE_STRIP = NO;
				DEBUG_INFORMATION_FORMAT = dwarf;
				ENABLE_STRICT_OBJC_MSGSEND = YES;
				ENABLE_TESTABILITY = YES;
				GCC_C_LANGUAGE_STANDARD = gnu99;
				GCC_DYNAMIC_NO_PIC = NO;
				GCC_NO_COMMON_BLOCKS = YES;
				GCC_OPTIMIZATION_LEVEL = 0;
				GCC_PREPROCESSOR_DEFINITIONS = (
					"DEBUG=1",
					"$(inherited)",
				);
				GCC_WARN_64_TO_32_BIT_CONVERSION = YES;
				GCC_WARN_ABOUT_RETURN_TYPE = YES_ERROR;
				GCC_WARN_UNDECLARED_SELECTOR = YES;
				GCC_WARN_UNINITIALIZED_AUTOS = YES_AGGRESSIVE;
				GCC_WARN_UNUSED_FUNCTION = YES;
				GCC_WARN_UNUSED_VARIABLE = YES;
				IPHONEOS_DEPLOYMENT_TARGET = 10.1;
				MTL_ENABLE_DEBUG_INFO = YES;
				ONLY_ACTIVE_ARCH = YES;
				SDKROOT = iphoneos;
			};
			name = Debug;
		};
		847D45AF1DCAE17E00BE00DA /* Release */ = {
			isa = XCBuildConfiguration;
			buildSettings = {
				ALWAYS_SEARCH_USER_PATHS = NO;
				CLANG_ANALYZER_NONNULL = YES;
				CLANG_CXX_LANGUAGE_STANDARD = "gnu++0x";
				CLANG_CXX_LIBRARY = "libc++";
				CLANG_ENABLE_MODULES = YES;
				CLANG_ENABLE_OBJC_ARC = YES;
				CLANG_WARN_BOOL_CONVERSION = YES;
				CLANG_WARN_CONSTANT_CONVERSION = YES;
				CLANG_WARN_DIRECT_OBJC_ISA_USAGE = YES_ERROR;
				CLANG_WARN_DOCUMENTATION_COMMENTS = YES;
				CLANG_WARN_EMPTY_BODY = YES;
				CLANG_WARN_ENUM_CONVERSION = YES;
				CLANG_WARN_INFINITE_RECURSION = YES;
				CLANG_WARN_INT_CONVERSION = YES;
				CLANG_WARN_OBJC_ROOT_CLASS = YES_ERROR;
				CLANG_WARN_SUSPICIOUS_MOVES = YES;
				CLANG_WARN_UNREACHABLE_CODE = YES;
				CLANG_WARN__DUPLICATE_METHOD_MATCH = YES;
				"CODE_SIGN_IDENTITY[sdk=iphoneos*]" = "iPhone Developer";
				COPY_PHASE_STRIP = NO;
				DEBUG_INFORMATION_FORMAT = "dwarf-with-dsym";
				ENABLE_NS_ASSERTIONS = NO;
				ENABLE_STRICT_OBJC_MSGSEND = YES;
				GCC_C_LANGUAGE_STANDARD = gnu99;
				GCC_NO_COMMON_BLOCKS = YES;
				GCC_WARN_64_TO_32_BIT_CONVERSION = YES;
				GCC_WARN_ABOUT_RETURN_TYPE = YES_ERROR;
				GCC_WARN_UNDECLARED_SELECTOR = YES;
				GCC_WARN_UNINITIALIZED_AUTOS = YES_AGGRESSIVE;
				GCC_WARN_UNUSED_FUNCTION = YES;
				GCC_WARN_UNUSED_VARIABLE = YES;
				IPHONEOS_DEPLOYMENT_TARGET = 10.1;
				MTL_ENABLE_DEBUG_INFO = NO;
				SDKROOT = iphoneos;
				VALIDATE_PRODUCT = YES;
			};
			name = Release;
		};
		847D45B11DCAE17E00BE00DA /* Debug */ = {
			isa = XCBuildConfiguration;
			buildSettings = {
				ASSETCATALOG_COMPILER_APPICON_NAME = AppIcon;
				GCC_PREFIX_HEADER = /Users/admin/Desktop/My/Post/Post/Public/PrefixHeader.pch;
				INFOPLIST_FILE = Post/Info.plist;
				LD_RUNPATH_SEARCH_PATHS = "$(inherited) @executable_path/Frameworks";
				PRODUCT_BUNDLE_IDENTIFIER = com.ShiWenChen.7.Post;
				PRODUCT_NAME = "$(TARGET_NAME)";
			};
			name = Debug;
		};
		847D45B21DCAE17E00BE00DA /* Release */ = {
			isa = XCBuildConfiguration;
			buildSettings = {
				ASSETCATALOG_COMPILER_APPICON_NAME = AppIcon;
				GCC_PREFIX_HEADER = /Users/admin/Desktop/My/Post/Post/Public/PrefixHeader.pch;
				INFOPLIST_FILE = Post/Info.plist;
				LD_RUNPATH_SEARCH_PATHS = "$(inherited) @executable_path/Frameworks";
				PRODUCT_BUNDLE_IDENTIFIER = com.ShiWenChen.7.Post;
				PRODUCT_NAME = "$(TARGET_NAME)";
			};
			name = Release;
		};
		847D45B41DCAE17E00BE00DA /* Debug */ = {
			isa = XCBuildConfiguration;
			buildSettings = {
				BUNDLE_LOADER = "$(TEST_HOST)";
				INFOPLIST_FILE = PostTests/Info.plist;
				LD_RUNPATH_SEARCH_PATHS = "$(inherited) @executable_path/Frameworks @loader_path/Frameworks";
				PRODUCT_BUNDLE_IDENTIFIER = com.ShiWenChen.7.PostTests;
				PRODUCT_NAME = "$(TARGET_NAME)";
				TEST_HOST = "$(BUILT_PRODUCTS_DIR)/Post.app/Post";
			};
			name = Debug;
		};
		847D45B51DCAE17E00BE00DA /* Release */ = {
			isa = XCBuildConfiguration;
			buildSettings = {
				BUNDLE_LOADER = "$(TEST_HOST)";
				INFOPLIST_FILE = PostTests/Info.plist;
				LD_RUNPATH_SEARCH_PATHS = "$(inherited) @executable_path/Frameworks @loader_path/Frameworks";
				PRODUCT_BUNDLE_IDENTIFIER = com.ShiWenChen.7.PostTests;
				PRODUCT_NAME = "$(TARGET_NAME)";
				TEST_HOST = "$(BUILT_PRODUCTS_DIR)/Post.app/Post";
			};
			name = Release;
		};
/* End XCBuildConfiguration section */

/* Begin XCConfigurationList section */
		847D45891DCAE17D00BE00DA /* Build configuration list for PBXProject "Post" */ = {
			isa = XCConfigurationList;
			buildConfigurations = (
				847D45AE1DCAE17E00BE00DA /* Debug */,
				847D45AF1DCAE17E00BE00DA /* Release */,
			);
			defaultConfigurationIsVisible = 0;
			defaultConfigurationName = Release;
		};
		847D45B01DCAE17E00BE00DA /* Build configuration list for PBXNativeTarget "Post" */ = {
			isa = XCConfigurationList;
			buildConfigurations = (
				847D45B11DCAE17E00BE00DA /* Debug */,
				847D45B21DCAE17E00BE00DA /* Release */,
			);
			defaultConfigurationIsVisible = 0;
			defaultConfigurationName = Release;
		};
		847D45B31DCAE17E00BE00DA /* Build configuration list for PBXNativeTarget "PostTests" */ = {
			isa = XCConfigurationList;
			buildConfigurations = (
				847D45B41DCAE17E00BE00DA /* Debug */,
				847D45B51DCAE17E00BE00DA /* Release */,
			);
			defaultConfigurationIsVisible = 0;
			defaultConfigurationName = Release;
		};
/* End XCConfigurationList section */
	};
	rootObject = 847D45861DCAE17D00BE00DA /* Project object */;
}
